
Microsoft Visual Studio Solution File, Format Version 12.00
# Visual Studio Version 16
VisualStudioVersion = 16.0.30907.101
MinimumVisualStudioVersion = 10.0.40219.1
Project("{8BC9CEB8-8B4A-11D0-8D11-00A0C91BC942}") = "App.General.resLib", "App.General.resLib.vcxproj", "{C1ACBCC1-DA8D-4571-91F9-8B88D854C3EC}"
EndProject
Global
	GlobalSection(SolutionConfigurationPlatforms) = preSolution
		Debug|x64 = Debug|x64
		Debug|x86 = Debug|x86
		Release|x64 = Release|x64
		Release|x86 = Release|x86
	EndGlobalSection
	GlobalSection(ProjectConfigurationPlatforms) = postSolution
		{C1ACBCC1-DA8D-4571-91F9-8B88D854C3EC}.Debug|x64.ActiveCfg = Debug|x64
		{C1ACBCC1-DA8D-4571-91F9-8B88D854C3EC}.Debug|x64.Build.0 = Debug|x64
		{C1ACBCC1-DA8D-4571-91F9-8B88D854C3EC}.Debug|x86.ActiveCfg = Debug|Win32
		{C1ACBCC1-DA8D-4571-91F9-8B88D854C3EC}.Debug|x86.Build.0 = Debug|Win32
		{C1ACBCC1-DA8D-4571-91F9-8B88D854C3EC}.Release|x64.ActiveCfg = Release|x64
		{C1ACBCC1-DA8D-4571-91F9-8B88D854C3EC}.Release|x64.Build.0 = Release|x64
		{C1ACBCC1-DA8D-4571-91F9-8B88D854C3EC}.Release|x86.ActiveCfg = Release|Win32
		{C1ACBCC1-DA8D-4571-91F9-8B88D854C3EC}.Release|x86.Build.0 = Release|Win32
	EndGlobalSection
	GlobalSection(SolutionProperties) = preSolution
		HideSolutionNode = FALSE
	EndGlobalSection
	GlobalSection(ExtensibilityGlobals) = postSolution
		SolutionGuid = {53282EC2-D9EA-471A-B305-46A85DCFF8A4}
	EndGlobalSection
EndGlobal
